
Microsoft Visual Studio Solution File, Format Version 12.00
# Visual Studio 15
VisualStudioVersion = 15.0.26124.0
MinimumVisualStudioVersion = 15.0.26124.0
Project("{FAE04EC0-301F-11D3-BF4B-00C04F79EFBC}") = "PrimeService", "PrimeService\PrimeService.csproj", "{51B482CB-0ABA-4710-A9B0-591734E4A8FE}"
EndProject
Project("{FAE04EC0-301F-11D3-BF4B-00C04F79EFBC}") = "PrimeService.Tests", "PrimeService.Tests\PrimeService.Tests.csproj", "{546EA7A9-38C9-4E85-BC06-E9B7E1B9F1FE}"
EndProject
Global
	GlobalSection(SolutionConfigurationPlatforms) = preSolution
		Debug|Any CPU = Debug|Any CPU
		Debug|x64 = Debug|x64
		Debug|x86 = Debug|x86
		Release|Any CPU = Release|Any CPU
		Release|x64 = Release|x64
		Release|x86 = Release|x86
	EndGlobalSection
	GlobalSection(SolutionProperties) = preSolution
		HideSolutionNode = FALSE
	EndGlobalSection
	GlobalSection(ProjectConfigurationPlatforms) = postSolution
		{51B482CB-0ABA-4710-A9B0-591734E4A8FE}.Debug|Any CPU.ActiveCfg = Debug|Any CPU
		{51B482CB-0ABA-4710-A9B0-591734E4A8FE}.Debug|Any CPU.Build.0 = Debug|Any CPU
		{51B482CB-0ABA-4710-A9B0-591734E4A8FE}.Debug|x64.ActiveCfg = Debug|Any CPU
		{51B482CB-0ABA-4710-A9B0-591734E4A8FE}.Debug|x64.Build.0 = Debug|Any CPU
		{51B482CB-0ABA-4710-A9B0-591734E4A8FE}.Debug|x86.ActiveCfg = Debug|Any CPU
		{51B482CB-0ABA-4710-A9B0-591734E4A8FE}.Debug|x86.Build.0 = Debug|Any CPU
		{51B482CB-0ABA-4710-A9B0-591734E4A8FE}.Release|Any CPU.ActiveCfg = Release|Any CPU
		{51B482CB-0ABA-4710-A9B0-591734E4A8FE}.Release|Any CPU.Build.0 = Release|Any CPU
		{51B482CB-0ABA-4710-A9B0-591734E4A8FE}.Release|x64.ActiveCfg = Release|Any CPU
		{51B482CB-0ABA-4710-A9B0-591734E4A8FE}.Release|x64.Build.0 = Release|Any CPU
		{51B482CB-0ABA-4710-A9B0-591734E4A8FE}.Release|x86.ActiveCfg = Release|Any CPU
		{51B482CB-0ABA-4710-A9B0-591734E4A8FE}.Release|x86.Build.0 = Release|Any CPU
		{546EA7A9-38C9-4E85-BC06-E9B7E1B9F1FE}.Debug|Any CPU.ActiveCfg = Debug|Any CPU
		{546EA7A9-38C9-4E85-BC06-E9B7E1B9F1FE}.Debug|Any CPU.Build.0 = Debug|Any CPU
		{546EA7A9-38C9-4E85-BC06-E9B7E1B9F1FE}.Debug|x64.ActiveCfg = Debug|Any CPU
		{546EA7A9-38C9-4E85-BC06-E9B7E1B9F1FE}.Debug|x64.Build.0 = Debug|Any CPU
		{546EA7A9-38C9-4E85-BC06-E9B7E1B9F1FE}.Debug|x86.ActiveCfg = Debug|Any CPU
		{546EA7A9-38C9-4E85-BC06-E9B7E1B9F1FE}.Debug|x86.Build.0 = Debug|Any CPU
		{546EA7A9-38C9-4E85-BC06-E9B7E1B9F1FE}.Release|Any CPU.ActiveCfg = Release|Any CPU
		{546EA7A9-38C9-4E85-BC06-E9B7E1B9F1FE}.Release|Any CPU.Build.0 = Release|Any CPU
		{546EA7A9-38C9-4E85-BC06-E9B7E1B9F1FE}.Release|x64.ActiveCfg = Release|Any CPU
		{546EA7A9-38C9-4E85-BC06-E9B7E1B9F1FE}.Release|x64.Build.0 = Release|Any CPU
		{546EA7A9-38C9-4E85-BC06-E9B7E1B9F1FE}.Release|x86.ActiveCfg = Release|Any CPU
		{546EA7A9-38C9-4E85-BC06-E9B7E1B9F1FE}.Release|x86.Build.0 = Release|Any CPU
	EndGlobalSection
EndGlobal
